
Microsoft Visual Studio Solution File, Format Version 12.00
# Visual Studio 2013
VisualStudioVersion = 12.0.21005.1
MinimumVisualStudioVersion = 10.0.40219.1
Project("{FAE04EC0-301F-11D3-BF4B-00C04F79EFBC}") = "TimingShutdown", "TimingShutdown\TimingShutdown.csproj", "{1FBAF53E-B3BB-4055-9AE3-5E84C9BE5777}"
EndProject
Project("{FAE04EC0-301F-11D3-BF4B-00C04F79EFBC}") = "SupermarketSystem", "SupermarketSystem\SupermarketSystem.csproj", "{2F87F9FF-EBD0-4767-8EA1-0A43003C9927}"
EndProject
Project("{FAE04EC0-301F-11D3-BF4B-00C04F79EFBC}") = "DoYouLoveMe", "DoYouLoveMe\DoYouLoveMe.csproj", "{C07CA134-E921-4E37-A378-F8BD329C362B}"
EndProject
Project("{FAE04EC0-301F-11D3-BF4B-00C04F79EFBC}") = "ExamRemind", "ExamRemind\ExamRemind.csproj", "{134950AE-8A8B-4BA6-933C-E2938EC96DED}"
EndProject
Project("{FAE04EC0-301F-11D3-BF4B-00C04F79EFBC}") = "WxbPlugin", "WxbPlugin\WxbPlugin.csproj", "{E32AB3DE-AD90-4866-9F4F-0B527825B6E3}"
EndProject
Project("{FAE04EC0-301F-11D3-BF4B-00C04F79EFBC}") = "TxtToSql", "TxtToSql\TxtToSql.csproj", "{7C8774A3-F6B0-4B71-8997-D37E98CF4C73}"
EndProject
Project("{FAE04EC0-301F-11D3-BF4B-00C04F79EFBC}") = "DemandManagementSystem", "DemandManagementSystem\DemandManagementSystem.csproj", "{E85DC085-FF88-4D8A-9CEC-1C7AB809D564}"
EndProject
Project("{FAE04EC0-301F-11D3-BF4B-00C04F79EFBC}") = "HexConvert", "HexConvert\HexConvert.csproj", "{E990DCC9-526B-4BE3-AA0C-DD9921C592B6}"
EndProject
Global
	GlobalSection(SolutionConfigurationPlatforms) = preSolution
		Debug|Any CPU = Debug|Any CPU
		Release|Any CPU = Release|Any CPU
	EndGlobalSection
	GlobalSection(ProjectConfigurationPlatforms) = postSolution
		{1FBAF53E-B3BB-4055-9AE3-5E84C9BE5777}.Debug|Any CPU.ActiveCfg = Debug|Any CPU
		{1FBAF53E-B3BB-4055-9AE3-5E84C9BE5777}.Debug|Any CPU.Build.0 = Debug|Any CPU
		{1FBAF53E-B3BB-4055-9AE3-5E84C9BE5777}.Release|Any CPU.ActiveCfg = Release|Any CPU
		{1FBAF53E-B3BB-4055-9AE3-5E84C9BE5777}.Release|Any CPU.Build.0 = Release|Any CPU
		{2F87F9FF-EBD0-4767-8EA1-0A43003C9927}.Debug|Any CPU.ActiveCfg = Debug|Any CPU
		{2F87F9FF-EBD0-4767-8EA1-0A43003C9927}.Debug|Any CPU.Build.0 = Debug|Any CPU
		{2F87F9FF-EBD0-4767-8EA1-0A43003C9927}.Release|Any CPU.ActiveCfg = Release|Any CPU
		{2F87F9FF-EBD0-4767-8EA1-0A43003C9927}.Release|Any CPU.Build.0 = Release|Any CPU
		{C07CA134-E921-4E37-A378-F8BD329C362B}.Debug|Any CPU.ActiveCfg = Debug|Any CPU
		{C07CA134-E921-4E37-A378-F8BD329C362B}.Debug|Any CPU.Build.0 = Debug|Any CPU
		{C07CA134-E921-4E37-A378-F8BD329C362B}.Release|Any CPU.ActiveCfg = Release|Any CPU
		{C07CA134-E921-4E37-A378-F8BD329C362B}.Release|Any CPU.Build.0 = Release|Any CPU
		{134950AE-8A8B-4BA6-933C-E2938EC96DED}.Debug|Any CPU.ActiveCfg = Debug|Any CPU
		{134950AE-8A8B-4BA6-933C-E2938EC96DED}.Debug|Any CPU.Build.0 = Debug|Any CPU
		{134950AE-8A8B-4BA6-933C-E2938EC96DED}.Release|Any CPU.ActiveCfg = Release|Any CPU
		{134950AE-8A8B-4BA6-933C-E2938EC96DED}.Release|Any CPU.Build.0 = Release|Any CPU
		{E32AB3DE-AD90-4866-9F4F-0B527825B6E3}.Debug|Any CPU.ActiveCfg = Debug|Any CPU
		{E32AB3DE-AD90-4866-9F4F-0B527825B6E3}.Debug|Any CPU.Build.0 = Debug|Any CPU
		{E32AB3DE-AD90-4866-9F4F-0B527825B6E3}.Release|Any CPU.ActiveCfg = Release|Any CPU
		{E32AB3DE-AD90-4866-9F4F-0B527825B6E3}.Release|Any CPU.Build.0 = Release|Any CPU
		{7C8774A3-F6B0-4B71-8997-D37E98CF4C73}.Debug|Any CPU.ActiveCfg = Debug|Any CPU
		{7C8774A3-F6B0-4B71-8997-D37E98CF4C73}.Debug|Any CPU.Build.0 = Debug|Any CPU
		{7C8774A3-F6B0-4B71-8997-D37E98CF4C73}.Release|Any CPU.ActiveCfg = Release|Any CPU
		{7C8774A3-F6B0-4B71-8997-D37E98CF4C73}.Release|Any CPU.Build.0 = Release|Any CPU
		{E85DC085-FF88-4D8A-9CEC-1C7AB809D564}.Debug|Any CPU.ActiveCfg = Debug|Any CPU
		{E85DC085-FF88-4D8A-9CEC-1C7AB809D564}.Debug|Any CPU.Build.0 = Debug|Any CPU
		{E85DC085-FF88-4D8A-9CEC-1C7AB809D564}.Release|Any CPU.ActiveCfg = Release|Any CPU
		{E85DC085-FF88-4D8A-9CEC-1C7AB809D564}.Release|Any CPU.Build.0 = Release|Any CPU
		{E990DCC9-526B-4BE3-AA0C-DD9921C592B6}.Debug|Any CPU.ActiveCfg = Debug|Any CPU
		{E990DCC9-526B-4BE3-AA0C-DD9921C592B6}.Debug|Any CPU.Build.0 = Debug|Any CPU
		{E990DCC9-526B-4BE3-AA0C-DD9921C592B6}.Release|Any CPU.ActiveCfg = Release|Any CPU
		{E990DCC9-526B-4BE3-AA0C-DD9921C592B6}.Release|Any CPU.Build.0 = Release|Any CPU
	EndGlobalSection
	GlobalSection(SolutionProperties) = preSolution
		HideSolutionNode = FALSE
	EndGlobalSection
EndGlobal
